
Microsoft Visual Studio Solution File, Format Version 12.00
# Visual Studio Version 16
VisualStudioVersion = 16.0.29911.84
MinimumVisualStudioVersion = 10.0.40219.1
Project("{FAE04EC0-301F-11D3-BF4B-00C04F79EFBC}") = "DCP_14", "DCP_14.csproj", "{CA066AD5-3D25-49A6-8DAD-83966A29CABC}"
EndProject
Global
	GlobalSection(SolutionConfigurationPlatforms) = preSolution
		Debug|Any CPU = Debug|Any CPU
		Release|Any CPU = Release|Any CPU
	EndGlobalSection
	GlobalSection(ProjectConfigurationPlatforms) = postSolution
		{CA066AD5-3D25-49A6-8DAD-83966A29CABC}.Debug|Any CPU.ActiveCfg = Debug|Any CPU
		{CA066AD5-3D25-49A6-8DAD-83966A29CABC}.Debug|Any CPU.Build.0 = Debug|Any CPU
		{CA066AD5-3D25-49A6-8DAD-83966A29CABC}.Release|Any CPU.ActiveCfg = Release|Any CPU
		{CA066AD5-3D25-49A6-8DAD-83966A29CABC}.Release|Any CPU.Build.0 = Release|Any CPU
	EndGlobalSection
	GlobalSection(SolutionProperties) = preSolution
		HideSolutionNode = FALSE
	EndGlobalSection
	GlobalSection(ExtensibilityGlobals) = postSolution
		SolutionGuid = {43D82194-C2B9-496D-B75E-5BEBA441F239}
	EndGlobalSection
EndGlobal
